
Microsoft Visual Studio Solution File, Format Version 12.00
# Visual Studio Version 17
VisualStudioVersion = 17.6.33815.320
MinimumVisualStudioVersion = 10.0.40219.1
Project("{FAE04EC0-301F-11D3-BF4B-00C04F79EFBC}") = "BaiTapNhom_BackEnd", "BaiTapNhom_BackEnd.csproj", "{35D993C3-D53C-4DF0-9DC9-BF54DD725F7F}"
EndProject
Global
	GlobalSection(SolutionConfigurationPlatforms) = preSolution
		Debug|Any CPU = Debug|Any CPU
		Release|Any CPU = Release|Any CPU
	EndGlobalSection
	GlobalSection(ProjectConfigurationPlatforms) = postSolution
		{35D993C3-D53C-4DF0-9DC9-BF54DD725F7F}.Debug|Any CPU.ActiveCfg = Debug|Any CPU
		{35D993C3-D53C-4DF0-9DC9-BF54DD725F7F}.Debug|Any CPU.Build.0 = Debug|Any CPU
		{35D993C3-D53C-4DF0-9DC9-BF54DD725F7F}.Release|Any CPU.ActiveCfg = Release|Any CPU
		{35D993C3-D53C-4DF0-9DC9-BF54DD725F7F}.Release|Any CPU.Build.0 = Release|Any CPU
	EndGlobalSection
	GlobalSection(SolutionProperties) = preSolution
		HideSolutionNode = FALSE
	EndGlobalSection
	GlobalSection(ExtensibilityGlobals) = postSolution
		SolutionGuid = {75D2EC2B-39C8-45A9-AE1A-F702375933DE}
	EndGlobalSection
EndGlobal
